
Microsoft Visual Studio Solution File, Format Version 12.00
# Visual Studio 15
VisualStudioVersion = 15.0.26730.12
MinimumVisualStudioVersion = 10.0.40219.1
Project("{FAE04EC0-301F-11D3-BF4B-00C04F79EFBC}") = "Raindropsdot", "Raindropsdot\Raindropsdot.csproj", "{B6692EB3-E02D-4CB5-8C62-13784BB7A712}"
EndProject
Global
	GlobalSection(SolutionConfigurationPlatforms) = preSolution
		Debug|Any CPU = Debug|Any CPU
		Release|Any CPU = Release|Any CPU
	EndGlobalSection
	GlobalSection(ProjectConfigurationPlatforms) = postSolution
		{B6692EB3-E02D-4CB5-8C62-13784BB7A712}.Debug|Any CPU.ActiveCfg = Debug|Any CPU
		{B6692EB3-E02D-4CB5-8C62-13784BB7A712}.Debug|Any CPU.Build.0 = Debug|Any CPU
		{B6692EB3-E02D-4CB5-8C62-13784BB7A712}.Release|Any CPU.ActiveCfg = Release|Any CPU
		{B6692EB3-E02D-4CB5-8C62-13784BB7A712}.Release|Any CPU.Build.0 = Release|Any CPU
	EndGlobalSection
	GlobalSection(SolutionProperties) = preSolution
		HideSolutionNode = FALSE
	EndGlobalSection
	GlobalSection(ExtensibilityGlobals) = postSolution
		SolutionGuid = {15ABF06C-7EE4-4D3F-9201-492CF031ED57}
	EndGlobalSection
EndGlobal
